
Microsoft Visual Studio Solution File, Format Version 12.00
# Visual Studio Version 17
VisualStudioVersion = 17.11.35327.3
MinimumVisualStudioVersion = 10.0.40219.1
Project("{FAE04EC0-301F-11D3-BF4B-00C04F79EFBC}") = "Forecast.Domain", "Forecast.Domain\Forecast.Domain.csproj", "{7F0AEAF6-DF1F-4EBE-8471-2DCA19FC73C5}"
EndProject
Project("{FAE04EC0-301F-11D3-BF4B-00C04F79EFBC}") = "Forecast.Infarastructure", "Forecast.Infarastructure\Forecast.Infarastructure.csproj", "{FA4CDB82-945F-4E4A-B4C8-AD3FBC888751}"
EndProject
Project("{FAE04EC0-301F-11D3-BF4B-00C04F79EFBC}") = "Forecast.Application", "Forecast.Application\Forecast.Application.csproj", "{5D7BC314-E08A-407A-8CF6-7EC50661AB91}"
EndProject
Global
	GlobalSection(SolutionConfigurationPlatforms) = preSolution
		Debug|Any CPU = Debug|Any CPU
		Release|Any CPU = Release|Any CPU
	EndGlobalSection
	GlobalSection(ProjectConfigurationPlatforms) = postSolution
		{7F0AEAF6-DF1F-4EBE-8471-2DCA19FC73C5}.Debug|Any CPU.ActiveCfg = Debug|Any CPU
		{7F0AEAF6-DF1F-4EBE-8471-2DCA19FC73C5}.Debug|Any CPU.Build.0 = Debug|Any CPU
		{7F0AEAF6-DF1F-4EBE-8471-2DCA19FC73C5}.Release|Any CPU.ActiveCfg = Release|Any CPU
		{7F0AEAF6-DF1F-4EBE-8471-2DCA19FC73C5}.Release|Any CPU.Build.0 = Release|Any CPU
		{FA4CDB82-945F-4E4A-B4C8-AD3FBC888751}.Debug|Any CPU.ActiveCfg = Debug|Any CPU
		{FA4CDB82-945F-4E4A-B4C8-AD3FBC888751}.Debug|Any CPU.Build.0 = Debug|Any CPU
		{FA4CDB82-945F-4E4A-B4C8-AD3FBC888751}.Release|Any CPU.ActiveCfg = Release|Any CPU
		{FA4CDB82-945F-4E4A-B4C8-AD3FBC888751}.Release|Any CPU.Build.0 = Release|Any CPU
		{5D7BC314-E08A-407A-8CF6-7EC50661AB91}.Debug|Any CPU.ActiveCfg = Debug|Any CPU
		{5D7BC314-E08A-407A-8CF6-7EC50661AB91}.Debug|Any CPU.Build.0 = Debug|Any CPU
		{5D7BC314-E08A-407A-8CF6-7EC50661AB91}.Release|Any CPU.ActiveCfg = Release|Any CPU
		{5D7BC314-E08A-407A-8CF6-7EC50661AB91}.Release|Any CPU.Build.0 = Release|Any CPU
	EndGlobalSection
	GlobalSection(SolutionProperties) = preSolution
		HideSolutionNode = FALSE
	EndGlobalSection
	GlobalSection(ExtensibilityGlobals) = postSolution
		SolutionGuid = {2FAB31D7-77F0-41B3-BD2C-56F10EC0B409}
	EndGlobalSection
EndGlobal
